# THIS IS AN AUTOGENERATED FILE. DO NOT EDIT THIS FILE DIRECTLY.
# yarn lockfile v1


flow-bin@^0.110.1:
  version "0.110.1"
  resolved "https://registry.yarnpkg.com/flow-bin/-/flow-bin-0.110.1.tgz#24ac70bf0871a5d6bc181ba99801ded4d5e3b442"
  integrity sha512-6FhvNKNvPQ523mx7sqNxTQvI/HgAWa/pbIsQuCst53qRqs387EFfYqgm4I3Zae5HLaVFacBwgWKmjKd92vf19w==
